// !$*UTF8*$!
{
	archiveVersion = 1;
	classes = {
	};
	objectVersion = 46;
	objects = {

/* Begin PBXBuildFile section */
		1430402D1D78367500CAF193 /* Dog+AddProperty.m in Sources */ = {isa = PBXBuildFile; fileRef = 1430402C1D78367500CAF193 /* Dog+AddProperty.m */; };
		143040301D790ED500CAF193 /* UIView+Gesture.m in Sources */ = {isa = PBXBuildFile; fileRef = 1430402F1D790ED500CAF193 /* UIView+Gesture.m */; };
		14A5BD7A1D6B002000388642 /* main.m in Sources */ = {isa = PBXBuildFile; fileRef = 14A5BD791D6B002000388642 /* main.m */; };
		14A5BD7D1D6B002000388642 /* AppDelegate.m in Sources */ = {isa = PBXBuildFile; fileRef = 14A5BD7C1D6B002000388642 /* AppDelegate.m */; };
		14A5BD801D6B002000388642 /* ViewController.m in Sources */ = {isa = PBXBuildFile; fileRef = 14A5BD7F1D6B002000388642 /* ViewController.m */; };
		14A5BD831D6B002000388642 /* Main.storyboard in Resources */ = {isa = PBXBuildFile; fileRef = 14A5BD811D6B002000388642 /* Main.storyboard */; };
		14A5BD851D6B002000388642 /* Assets.xcassets in Resources */ = {isa = PBXBuildFile; fileRef = 14A5BD841D6B002000388642 /* Assets.xcassets */; };
		14A5BD881D6B002000388642 /* LaunchScreen.storyboard in Resources */ = {isa = PBXBuildFile; fileRef = 14A5BD861D6B002000388642 /* LaunchScreen.storyboard */; };
		14A5BD911D6B003A00388642 /* Person.m in Sources */ = {isa = PBXBuildFile; fileRef = 14A5BD901D6B003A00388642 /* Person.m */; };
		14A5BD941D6B004100388642 /* Dog.m in Sources */ = {isa = PBXBuildFile; fileRef = 14A5BD931D6B004100388642 /* Dog.m */; };
		14A5BD971D6B004D00388642 /* Cat.m in Sources */ = {isa = PBXBuildFile; fileRef = 14A5BD961D6B004D00388642 /* Cat.m */; };
		14A5BD9A1D6B005D00388642 /* Mouse.m in Sources */ = {isa = PBXBuildFile; fileRef = 14A5BD991D6B005D00388642 /* Mouse.m */; };
		14A5BD9D1D6B007F00388642 /* Jerry.m in Sources */ = {isa = PBXBuildFile; fileRef = 14A5BD9C1D6B007F00388642 /* Jerry.m */; };
		14A5BDA01D6C28C900388642 /* NSObject+DDLog.m in Sources */ = {isa = PBXBuildFile; fileRef = 14A5BD9F1D6C28C900388642 /* NSObject+DDLog.m */; };
		14A5BDA31D6C298C00388642 /* DDModel.m in Sources */ = {isa = PBXBuildFile; fileRef = 14A5BDA21D6C298C00388642 /* DDModel.m */; };
		14A5BDA61D6C385400388642 /* DDSecondModel.m in Sources */ = {isa = PBXBuildFile; fileRef = 14A5BDA51D6C385400388642 /* DDSecondModel.m */; };
		14A5BDA91D6C3DE900388642 /* DDThirdModel.m in Sources */ = {isa = PBXBuildFile; fileRef = 14A5BDA81D6C3DE900388642 /* DDThirdModel.m */; };
/* End PBXBuildFile section */

/* Begin PBXFileReference section */
		1430402B1D78367500CAF193 /* Dog+AddProperty.h */ = {isa = PBXFileReference; fileEncoding = 4; lastKnownFileType = sourcecode.c.h; path = "Dog+AddProperty.h"; sourceTree = "<group>"; };
		1430402C1D78367500CAF193 /* Dog+AddProperty.m */ = {isa = PBXFileReference; fileEncoding = 4; lastKnownFileType = sourcecode.c.objc; path = "Dog+AddProperty.m"; sourceTree = "<group>"; };
		1430402E1D790ED500CAF193 /* UIView+Gesture.h */ = {isa = PBXFileReference; fileEncoding = 4; lastKnownFileType = sourcecode.c.h; path = "UIView+Gesture.h"; sourceTree = "<group>"; };
		1430402F1D790ED500CAF193 /* UIView+Gesture.m */ = {isa = PBXFileReference; fileEncoding = 4; lastKnownFileType = sourcecode.c.objc; path = "UIView+Gesture.m"; sourceTree = "<group>"; };
		14A5BD751D6B002000388642 /* RuntimeDemo.app */ = {isa = PBXFileReference; explicitFileType = wrapper.application; includeInIndex = 0; path = RuntimeDemo.app; sourceTree = BUILT_PRODUCTS_DIR; };
		14A5BD791D6B002000388642 /* main.m */ = {isa = PBXFileReference; lastKnownFileType = sourcecode.c.objc; path = main.m; sourceTree = "<group>"; };
		14A5BD7B1D6B002000388642 /* AppDelegate.h */ = {isa = PBXFileReference; lastKnownFileType = sourcecode.c.h; path = AppDelegate.h; sourceTree = "<group>"; };
		14A5BD7C1D6B002000388642 /* AppDelegate.m */ = {isa = PBXFileReference; lastKnownFileType = sourcecode.c.objc; path = AppDelegate.m; sourceTree = "<group>"; };
		14A5BD7E1D6B002000388642 /* ViewController.h */ = {isa = PBXFileReference; lastKnownFileType = sourcecode.c.h; path = ViewController.h; sourceTree = "<group>"; };
		14A5BD7F1D6B002000388642 /* ViewController.m */ = {isa = PBXFileReference; lastKnownFileType = sourcecode.c.objc; path = ViewController.m; sourceTree = "<group>"; };
		14A5BD821D6B002000388642 /* Base */ = {isa = PBXFileReference; lastKnownFileType = file.storyboard; name = Base; path = Base.lproj/Main.storyboard; sourceTree = "<group>"; };
		14A5BD841D6B002000388642 /* Assets.xcassets */ = {isa = PBXFileReference; lastKnownFileType = folder.assetcatalog; path = Assets.xcassets; sourceTree = "<group>"; };
		14A5BD871D6B002000388642 /* Base */ = {isa = PBXFileReference; lastKnownFileType = file.storyboard; name = Base; path = Base.lproj/LaunchScreen.storyboard; sourceTree = "<group>"; };
		14A5BD891D6B002000388642 /* Info.plist */ = {isa = PBXFileReference; lastKnownFileType = text.plist.xml; path = Info.plist; sourceTree = "<group>"; };
		14A5BD8F1D6B003A00388642 /* Person.h */ = {isa = PBXFileReference; fileEncoding = 4; lastKnownFileType = sourcecode.c.h; path = Person.h; sourceTree = "<group>"; };
		14A5BD901D6B003A00388642 /* Person.m */ = {isa = PBXFileReference; fileEncoding = 4; lastKnownFileType = sourcecode.c.objc; path = Person.m; sourceTree = "<group>"; };
		14A5BD921D6B004100388642 /* Dog.h */ = {isa = PBXFileReference; fileEncoding = 4; lastKnownFileType = sourcecode.c.h; path = Dog.h; sourceTree = "<group>"; };
		14A5BD931D6B004100388642 /* Dog.m */ = {isa = PBXFileReference; fileEncoding = 4; lastKnownFileType = sourcecode.c.objc; path = Dog.m; sourceTree = "<group>"; };
		14A5BD951D6B004D00388642 /* Cat.h */ = {isa = PBXFileReference; fileEncoding = 4; lastKnownFileType = sourcecode.c.h; path = Cat.h; sourceTree = "<group>"; };
		14A5BD961D6B004D00388642 /* Cat.m */ = {isa = PBXFileReference; fileEncoding = 4; lastKnownFileType = sourcecode.c.objc; path = Cat.m; sourceTree = "<group>"; };
		14A5BD981D6B005D00388642 /* Mouse.h */ = {isa = PBXFileReference; fileEncoding = 4; lastKnownFileType = sourcecode.c.h; path = Mouse.h; sourceTree = "<group>"; };
		14A5BD991D6B005D00388642 /* Mouse.m */ = {isa = PBXFileReference; fileEncoding = 4; lastKnownFileType = sourcecode.c.objc; path = Mouse.m; sourceTree = "<group>"; };
		14A5BD9B1D6B007F00388642 /* Jerry.h */ = {isa = PBXFileReference; fileEncoding = 4; lastKnownFileType = sourcecode.c.h; path = Jerry.h; sourceTree = "<group>"; };
		14A5BD9C1D6B007F00388642 /* Jerry.m */ = {isa = PBXFileReference; fileEncoding = 4; lastKnownFileType = sourcecode.c.objc; path = Jerry.m; sourceTree = "<group>"; };
		14A5BD9E1D6C28C900388642 /* NSObject+DDLog.h */ = {isa = PBXFileReference; fileEncoding = 4; lastKnownFileType = sourcecode.c.h; path = "NSObject+DDLog.h"; sourceTree = "<group>"; };
		14A5BD9F1D6C28C900388642 /* NSObject+DDLog.m */ = {isa = PBXFileReference; fileEncoding = 4; lastKnownFileType = sourcecode.c.objc; path = "NSObject+DDLog.m"; sourceTree = "<group>"; };
		14A5BDA11D6C298C00388642 /* DDModel.h */ = {isa = PBXFileReference; fileEncoding = 4; lastKnownFileType = sourcecode.c.h; path = DDModel.h; sourceTree = "<group>"; };
		14A5BDA21D6C298C00388642 /* DDModel.m */ = {isa = PBXFileReference; fileEncoding = 4; lastKnownFileType = sourcecode.c.objc; path = DDModel.m; sourceTree = "<group>"; };
		14A5BDA41D6C385400388642 /* DDSecondModel.h */ = {isa = PBXFileReference; fileEncoding = 4; lastKnownFileType = sourcecode.c.h; path = DDSecondModel.h; sourceTree = "<group>"; };
		14A5BDA51D6C385400388642 /* DDSecondModel.m */ = {isa = PBXFileReference; fileEncoding = 4; lastKnownFileType = sourcecode.c.objc; path = DDSecondModel.m; sourceTree = "<group>"; };
		14A5BDA71D6C3DE900388642 /* DDThirdModel.h */ = {isa = PBXFileReference; fileEncoding = 4; lastKnownFileType = sourcecode.c.h; path = DDThirdModel.h; sourceTree = "<group>"; };
		14A5BDA81D6C3DE900388642 /* DDThirdModel.m */ = {isa = PBXFileReference; fileEncoding = 4; lastKnownFileType = sourcecode.c.objc; path = DDThirdModel.m; sourceTree = "<group>"; };
/* End PBXFileReference section */

/* Begin PBXFrameworksBuildPhase section */
		14A5BD721D6B002000388642 /* Frameworks */ = {
			isa = PBXFrameworksBuildPhase;
			buildActionMask = 2147483647;
			files = (
			);
			runOnlyForDeploymentPostprocessing = 0;
		};
/* End PBXFrameworksBuildPhase section */

/* Begin PBXGroup section */
		14A5BD6C1D6B002000388642 = {
			isa = PBXGroup;
			children = (
				14A5BD771D6B002000388642 /* RuntimeDemo */,
				14A5BD761D6B002000388642 /* Products */,
			);
			sourceTree = "<group>";
		};
		14A5BD761D6B002000388642 /* Products */ = {
			isa = PBXGroup;
			children = (
				14A5BD751D6B002000388642 /* RuntimeDemo.app */,
			);
			name = Products;
			sourceTree = "<group>";
		};
		14A5BD771D6B002000388642 /* RuntimeDemo */ = {
			isa = PBXGroup;
			children = (
				14A5BD7B1D6B002000388642 /* AppDelegate.h */,
				14A5BD7C1D6B002000388642 /* AppDelegate.m */,
				14A5BD7E1D6B002000388642 /* ViewController.h */,
				14A5BD7F1D6B002000388642 /* ViewController.m */,
				1430402E1D790ED500CAF193 /* UIView+Gesture.h */,
				1430402F1D790ED500CAF193 /* UIView+Gesture.m */,
				14A5BD8F1D6B003A00388642 /* Person.h */,
				14A5BD901D6B003A00388642 /* Person.m */,
				14A5BD921D6B004100388642 /* Dog.h */,
				14A5BD931D6B004100388642 /* Dog.m */,
				1430402B1D78367500CAF193 /* Dog+AddProperty.h */,
				1430402C1D78367500CAF193 /* Dog+AddProperty.m */,
				14A5BD951D6B004D00388642 /* Cat.h */,
				14A5BD961D6B004D00388642 /* Cat.m */,
				14A5BD981D6B005D00388642 /* Mouse.h */,
				14A5BD991D6B005D00388642 /* Mouse.m */,
				14A5BD9B1D6B007F00388642 /* Jerry.h */,
				14A5BD9C1D6B007F00388642 /* Jerry.m */,
				14A5BDA11D6C298C00388642 /* DDModel.h */,
				14A5BDA21D6C298C00388642 /* DDModel.m */,
				14A5BDA41D6C385400388642 /* DDSecondModel.h */,
				14A5BDA51D6C385400388642 /* DDSecondModel.m */,
				14A5BDA71D6C3DE900388642 /* DDThirdModel.h */,
				14A5BDA81D6C3DE900388642 /* DDThirdModel.m */,
				14A5BD9E1D6C28C900388642 /* NSObject+DDLog.h */,
				14A5BD9F1D6C28C900388642 /* NSObject+DDLog.m */,
				14A5BD811D6B002000388642 /* Main.storyboard */,
				14A5BD841D6B002000388642 /* Assets.xcassets */,
				14A5BD861D6B002000388642 /* LaunchScreen.storyboard */,
				14A5BD891D6B002000388642 /* Info.plist */,
				14A5BD781D6B002000388642 /* Supporting Files */,
			);
			path = RuntimeDemo;
			sourceTree = "<group>";
		};
		14A5BD781D6B002000388642 /* Supporting Files */ = {
			isa = PBXGroup;
			children = (
				14A5BD791D6B002000388642 /* main.m */,
			);
			name = "Supporting Files";
			sourceTree = "<group>";
		};
/* End PBXGroup section */

/* Begin PBXNativeTarget section */
		14A5BD741D6B002000388642 /* RuntimeDemo */ = {
			isa = PBXNativeTarget;
			buildConfigurationList = 14A5BD8C1D6B002000388642 /* Build configuration list for PBXNativeTarget "RuntimeDemo" */;
			buildPhases = (
				14A5BD711D6B002000388642 /* Sources */,
				14A5BD721D6B002000388642 /* Frameworks */,
				14A5BD731D6B002000388642 /* Resources */,
			);
			buildRules = (
			);
			dependencies = (
			);
			name = RuntimeDemo;
			productName = RuntimeDemo;
			productReference = 14A5BD751D6B002000388642 /* RuntimeDemo.app */;
			productType = "com.apple.product-type.application";
		};
/* End PBXNativeTarget section */

/* Begin PBXProject section */
		14A5BD6D1D6B002000388642 /* Project object */ = {
			isa = PBXProject;
			attributes = {
				LastUpgradeCheck = 0730;
				ORGANIZATIONNAME = MD;
				TargetAttributes = {
					14A5BD741D6B002000388642 = {
						CreatedOnToolsVersion = 7.3;
					};
				};
			};
			buildConfigurationList = 14A5BD701D6B002000388642 /* Build configuration list for PBXProject "RuntimeDemo" */;
			compatibilityVersion = "Xcode 3.2";
			developmentRegion = English;
			hasScannedForEncodings = 0;
			knownRegions = (
				en,
				Base,
			);
			mainGroup = 14A5BD6C1D6B002000388642;
			productRefGroup = 14A5BD761D6B002000388642 /* Products */;
			projectDirPath = "";
			projectRoot = "";
			targets = (
				14A5BD741D6B002000388642 /* RuntimeDemo */,
			);
		};
/* End PBXProject section */

/* Begin PBXResourcesBuildPhase section */
		14A5BD731D6B002000388642 /* Resources */ = {
			isa = PBXResourcesBuildPhase;
			buildActionMask = 2147483647;
			files = (
				14A5BD881D6B002000388642 /* LaunchScreen.storyboard in Resources */,
				14A5BD851D6B002000388642 /* Assets.xcassets in Resources */,
				14A5BD831D6B002000388642 /* Main.storyboard in Resources */,
			);
			runOnlyForDeploymentPostprocessing = 0;
		};
/* End PBXResourcesBuildPhase section */

/* Begin PBXSourcesBuildPhase section */
		14A5BD711D6B002000388642 /* Sources */ = {
			isa = PBXSourcesBuildPhase;
			buildActionMask = 2147483647;
			files = (
				14A5BD971D6B004D00388642 /* Cat.m in Sources */,
				1430402D1D78367500CAF193 /* Dog+AddProperty.m in Sources */,
				14A5BDA91D6C3DE900388642 /* DDThirdModel.m in Sources */,
				14A5BDA31D6C298C00388642 /* DDModel.m in Sources */,
				143040301D790ED500CAF193 /* UIView+Gesture.m in Sources */,
				14A5BD9A1D6B005D00388642 /* Mouse.m in Sources */,
				14A5BD801D6B002000388642 /* ViewController.m in Sources */,
				14A5BD7D1D6B002000388642 /* AppDelegate.m in Sources */,
				14A5BD941D6B004100388642 /* Dog.m in Sources */,
				14A5BDA61D6C385400388642 /* DDSecondModel.m in Sources */,
				14A5BD911D6B003A00388642 /* Person.m in Sources */,
				14A5BDA01D6C28C900388642 /* NSObject+DDLog.m in Sources */,
				14A5BD9D1D6B007F00388642 /* Jerry.m in Sources */,
				14A5BD7A1D6B002000388642 /* main.m in Sources */,
			);
			runOnlyForDeploymentPostprocessing = 0;
		};
/* End PBXSourcesBuildPhase section */

/* Begin PBXVariantGroup section */
		14A5BD811D6B002000388642 /* Main.storyboard */ = {
			isa = PBXVariantGroup;
			children = (
				14A5BD821D6B002000388642 /* Base */,
			);
			name = Main.storyboard;
			sourceTree = "<group>";
		};
		14A5BD861D6B002000388642 /* LaunchScreen.storyboard */ = {
			isa = PBXVariantGroup;
			children = (
				14A5BD871D6B002000388642 /* Base */,
			);
			name = LaunchScreen.storyboard;
			sourceTree = "<group>";
		};
/* End PBXVariantGroup section */

/* Begin XCBuildConfiguration section */
		14A5BD8A1D6B002000388642 /* Debug */ = {
			isa = XCBuildConfiguration;
			buildSettings = {
				ALWAYS_SEARCH_USER_PATHS = NO;
				CLANG_ANALYZER_NONNULL = YES;
				CLANG_CXX_LANGUAGE_STANDARD = "gnu++0x";
				CLANG_CXX_LIBRARY = "libc++";
				CLANG_ENABLE_MODULES = YES;
				CLANG_ENABLE_OBJC_ARC = YES;
				CLANG_WARN_BOOL_CONVERSION = YES;
				CLANG_WARN_CONSTANT_CONVERSION = YES;
				CLANG_WARN_DIRECT_OBJC_ISA_USAGE = YES_ERROR;
				CLANG_WARN_EMPTY_BODY = YES;
				CLANG_WARN_ENUM_CONVERSION = YES;
				CLANG_WARN_INT_CONVERSION = YES;
				CLANG_WARN_OBJC_ROOT_CLASS = YES_ERROR;
				CLANG_WARN_UNREACHABLE_CODE = YES;
				CLANG_WARN__DUPLICATE_METHOD_MATCH = YES;
				"CODE_SIGN_IDENTITY[sdk=iphoneos*]" = "iPhone Developer";
				COPY_PHASE_STRIP = NO;
				DEBUG_INFORMATION_FORMAT = dwarf;
				ENABLE_STRICT_OBJC_MSGSEND = YES;
				ENABLE_TESTABILITY = YES;
				GCC_C_LANGUAGE_STANDARD = gnu99;
				GCC_DYNAMIC_NO_PIC = NO;
				GCC_NO_COMMON_BLOCKS = YES;
				GCC_OPTIMIZATION_LEVEL = 0;
				GCC_PREPROCESSOR_DEFINITIONS = (
					"DEBUG=1",
					"$(inherited)",
				);
				GCC_WARN_64_TO_32_BIT_CONVERSION = YES;
				GCC_WARN_ABOUT_RETURN_TYPE = YES_ERROR;
				GCC_WARN_UNDECLARED_SELECTOR = YES;
				GCC_WARN_UNINITIALIZED_AUTOS = YES_AGGRESSIVE;
				GCC_WARN_UNUSED_FUNCTION = YES;
				GCC_WARN_UNUSED_VARIABLE = YES;
				IPHONEOS_DEPLOYMENT_TARGET = 9.3;
				MTL_ENABLE_DEBUG_INFO = YES;
				ONLY_ACTIVE_ARCH = YES;
				SDKROOT = iphoneos;
				TARGETED_DEVICE_FAMILY = "1,2";
			};
			name = Debug;
		};
		14A5BD8B1D6B002000388642 /* Release */ = {
			isa = XCBuildConfiguration;
			buildSettings = {
				ALWAYS_SEARCH_USER_PATHS = NO;
				CLANG_ANALYZER_NONNULL = YES;
				CLANG_CXX_LANGUAGE_STANDARD = "gnu++0x";
				CLANG_CXX_LIBRARY = "libc++";
				CLANG_ENABLE_MODULES = YES;
				CLANG_ENABLE_OBJC_ARC = YES;
				CLANG_WARN_BOOL_CONVERSION = YES;
				CLANG_WARN_CONSTANT_CONVERSION = YES;
				CLANG_WARN_DIRECT_OBJC_ISA_USAGE = YES_ERROR;
				CLANG_WARN_EMPTY_BODY = YES;
				CLANG_WARN_ENUM_CONVERSION = YES;
				CLANG_WARN_INT_CONVERSION = YES;
				CLANG_WARN_OBJC_ROOT_CLASS = YES_ERROR;
				CLANG_WARN_UNREACHABLE_CODE = YES;
				CLANG_WARN__DUPLICATE_METHOD_MATCH = YES;
				"CODE_SIGN_IDENTITY[sdk=iphoneos*]" = "iPhone Developer";
				COPY_PHASE_STRIP = NO;
				DEBUG_INFORMATION_FORMAT = "dwarf-with-dsym";
				ENABLE_NS_ASSERTIONS = NO;
				ENABLE_STRICT_OBJC_MSGSEND = YES;
				GCC_C_LANGUAGE_STANDARD = gnu99;
				GCC_NO_COMMON_BLOCKS = YES;
				GCC_WARN_64_TO_32_BIT_CONVERSION = YES;
				GCC_WARN_ABOUT_RETURN_TYPE = YES_ERROR;
				GCC_WARN_UNDECLARED_SELECTOR = YES;
				GCC_WARN_UNINITIALIZED_AUTOS = YES_AGGRESSIVE;
				GCC_WARN_UNUSED_FUNCTION = YES;
				GCC_WARN_UNUSED_VARIABLE = YES;
				IPHONEOS_DEPLOYMENT_TARGET = 9.3;
				MTL_ENABLE_DEBUG_INFO = NO;
				SDKROOT = iphoneos;
				TARGETED_DEVICE_FAMILY = "1,2";
				VALIDATE_PRODUCT = YES;
			};
			name = Release;
		};
		14A5BD8D1D6B002000388642 /* Debug */ = {
			isa = XCBuildConfiguration;
			buildSettings = {
				ASSETCATALOG_COMPILER_APPICON_NAME = AppIcon;
				INFOPLIST_FILE = RuntimeDemo/Info.plist;
				LD_RUNPATH_SEARCH_PATHS = "$(inherited) @executable_path/Frameworks";
				PRODUCT_BUNDLE_IDENTIFIER = com.leichi.DD.RuntimeDemo;
				PRODUCT_NAME = "$(TARGET_NAME)";
			};
			name = Debug;
		};
		14A5BD8E1D6B002000388642 /* Release */ = {
			isa = XCBuildConfiguration;
			buildSettings = {
				ASSETCATALOG_COMPILER_APPICON_NAME = AppIcon;
				INFOPLIST_FILE = RuntimeDemo/Info.plist;
				LD_RUNPATH_SEARCH_PATHS = "$(inherited) @executable_path/Frameworks";
				PRODUCT_BUNDLE_IDENTIFIER = com.leichi.DD.RuntimeDemo;
				PRODUCT_NAME = "$(TARGET_NAME)";
			};
			name = Release;
		};
/* End XCBuildConfiguration section */

/* Begin XCConfigurationList section */
		14A5BD701D6B002000388642 /* Build configuration list for PBXProject "RuntimeDemo" */ = {
			isa = XCConfigurationList;
			buildConfigurations = (
				14A5BD8A1D6B002000388642 /* Debug */,
				14A5BD8B1D6B002000388642 /* Release */,
			);
			defaultConfigurationIsVisible = 0;
			defaultConfigurationName = Release;
		};
		14A5BD8C1D6B002000388642 /* Build configuration list for PBXNativeTarget "RuntimeDemo" */ = {
			isa = XCConfigurationList;
			buildConfigurations = (
				14A5BD8D1D6B002000388642 /* Debug */,
				14A5BD8E1D6B002000388642 /* Release */,
			);
			defaultConfigurationIsVisible = 0;
			defaultConfigurationName = Release;
		};
/* End XCConfigurationList section */
	};
	rootObject = 14A5BD6D1D6B002000388642 /* Project object */;
}
